PODS:
  - add_2_calendar_new (0.0.1):
    - Flutter
  - Flutter (1.0.0)

DEPENDENCIES:
  - add_2_calendar_new (from `.symlinks/plugins/add_2_calendar_new/ios`)
  - Flutter (from `Flutter`)

EXTERNAL SOURCES:
  add_2_calendar_new:
    :path: ".symlinks/plugins/add_2_calendar_new/ios"
  Flutter:
    :path: Flutter

SPEC CHECKSUMS:
  add_2_calendar_new: 68ef3d90f48e9ae4056357711462e427be6098a0
  Flutter: cabc95a1d2626b1b06e7179b784ebcf0c0cde467

PODFILE CHECKSUM: f747aab862d5a55010fde1b3989528a636139451

COCOAPODS: 1.17.0
